
Microsoft Visual Studio Solution File, Format Version 12.00
# Visual Studio Version 16
VisualStudioVersion = 16.0.31402.337
MinimumVisualStudioVersion = 10.0.40219.1
Project("{8BC9CEB8-8B4A-11D0-8D11-00A0C91BC942}") = "libfiber", "c\libfiber_vc2019.vcxproj", "{AD99B75A-40BF-46DC-844B-23417FDC8690}"
EndProject
Project("{8BC9CEB8-8B4A-11D0-8D11-00A0C91BC942}") = "libfiber_cpp", "cpp\libfiber_cpp_vc2019.vcxproj", "{F2479E2C-7267-436C-A1F1-A63B39E7CB30}"
EndProject
Project("{2150E333-8FDC-42A3-9474-1A3956D46DE8}") = "samples", "samples", "{39C3E6F9-1EF8-48F1-A291-427BA9748E35}"
EndProject
Project("{2150E333-8FDC-42A3-9474-1A3956D46DE8}") = "gui", "gui", "{51EDF5A8-A3D8-4F15-8F95-967517095375}"
EndProject
Project("{8BC9CEB8-8B4A-11D0-8D11-00A0C91BC942}") = "EchoServer", "samples\gui\EchoServer\EchoServer.vcxproj", "{30A882E6-CF13-494F-9132-CE15E040B9DE}"
	ProjectSection(ProjectDependencies) = postProject
		{F2479E2C-7267-436C-A1F1-A63B39E7CB30} = {F2479E2C-7267-436C-A1F1-A63B39E7CB30}
		{AD99B75A-40BF-46DC-844B-23417FDC8690} = {AD99B75A-40BF-46DC-844B-23417FDC8690}
	EndProjectSection
EndProject
Global
	GlobalSection(SolutionConfigurationPlatforms) = preSolution
		Debug|x64 = Debug|x64
		Debug|x86 = Debug|x86
		DebugDll|x64 = DebugDll|x64
		DebugDll|x86 = DebugDll|x86
		Release|x64 = Release|x64
		Release|x86 = Release|x86
	EndGlobalSection
	GlobalSection(ProjectConfigurationPlatforms) = postSolution
		{AD99B75A-40BF-46DC-844B-23417FDC8690}.Debug|x64.ActiveCfg = Debug|x64
		{AD99B75A-40BF-46DC-844B-23417FDC8690}.Debug|x64.Build.0 = Debug|x64
		{AD99B75A-40BF-46DC-844B-23417FDC8690}.Debug|x86.ActiveCfg = Debug|Win32
		{AD99B75A-40BF-46DC-844B-23417FDC8690}.Debug|x86.Build.0 = Debug|Win32
		{AD99B75A-40BF-46DC-844B-23417FDC8690}.DebugDll|x64.ActiveCfg = DebugDll|x64
		{AD99B75A-40BF-46DC-844B-23417FDC8690}.DebugDll|x64.Build.0 = DebugDll|x64
		{AD99B75A-40BF-46DC-844B-23417FDC8690}.DebugDll|x86.ActiveCfg = DebugDll|Win32
		{AD99B75A-40BF-46DC-844B-23417FDC8690}.DebugDll|x86.Build.0 = DebugDll|Win32
		{AD99B75A-40BF-46DC-844B-23417FDC8690}.Release|x64.ActiveCfg = Release|x64
		{AD99B75A-40BF-46DC-844B-23417FDC8690}.Release|x64.Build.0 = Release|x64
		{AD99B75A-40BF-46DC-844B-23417FDC8690}.Release|x86.ActiveCfg = Release|Win32
		{AD99B75A-40BF-46DC-844B-23417FDC8690}.Release|x86.Build.0 = Release|Win32
		{F2479E2C-7267-436C-A1F1-A63B39E7CB30}.Debug|x64.ActiveCfg = Debug|x64
		{F2479E2C-7267-436C-A1F1-A63B39E7CB30}.Debug|x64.Build.0 = Debug|x64
		{F2479E2C-7267-436C-A1F1-A63B39E7CB30}.Debug|x86.ActiveCfg = Debug|Win32
		{F2479E2C-7267-436C-A1F1-A63B39E7CB30}.Debug|x86.Build.0 = Debug|Win32
		{F2479E2C-7267-436C-A1F1-A63B39E7CB30}.DebugDll|x64.ActiveCfg = DebugDll|x64
		{F2479E2C-7267-436C-A1F1-A63B39E7CB30}.DebugDll|x64.Build.0 = DebugDll|x64
		{F2479E2C-7267-436C-A1F1-A63B39E7CB30}.DebugDll|x86.ActiveCfg = DebugDll|Win32
		{F2479E2C-7267-436C-A1F1-A63B39E7CB30}.DebugDll|x86.Build.0 = DebugDll|Win32
		{F2479E2C-7267-436C-A1F1-A63B39E7CB30}.Release|x64.ActiveCfg = Release|x64
		{F2479E2C-7267-436C-A1F1-A63B39E7CB30}.Release|x64.Build.0 = Release|x64
		{F2479E2C-7267-436C-A1F1-A63B39E7CB30}.Release|x86.ActiveCfg = Release|Win32
		{F2479E2C-7267-436C-A1F1-A63B39E7CB30}.Release|x86.Build.0 = Release|Win32
		{30A882E6-CF13-494F-9132-CE15E040B9DE}.Debug|x64.ActiveCfg = Debug|x64
		{30A882E6-CF13-494F-9132-CE15E040B9DE}.Debug|x64.Build.0 = Debug|x64
		{30A882E6-CF13-494F-9132-CE15E040B9DE}.Debug|x86.ActiveCfg = Debug|Win32
		{30A882E6-CF13-494F-9132-CE15E040B9DE}.Debug|x86.Build.0 = Debug|Win32
		{30A882E6-CF13-494F-9132-CE15E040B9DE}.DebugDll|x64.ActiveCfg = DebugDll|x64
		{30A882E6-CF13-494F-9132-CE15E040B9DE}.DebugDll|x64.Build.0 = DebugDll|x64
		{30A882E6-CF13-494F-9132-CE15E040B9DE}.DebugDll|x86.ActiveCfg = DebugDll|Win32
		{30A882E6-CF13-494F-9132-CE15E040B9DE}.DebugDll|x86.Build.0 = DebugDll|Win32
		{30A882E6-CF13-494F-9132-CE15E040B9DE}.Release|x64.ActiveCfg = Release|x64
		{30A882E6-CF13-494F-9132-CE15E040B9DE}.Release|x64.Build.0 = Release|x64
		{30A882E6-CF13-494F-9132-CE15E040B9DE}.Release|x86.ActiveCfg = Release|Win32
		{30A882E6-CF13-494F-9132-CE15E040B9DE}.Release|x86.Build.0 = Release|Win32
	EndGlobalSection
	GlobalSection(SolutionProperties) = preSolution
		HideSolutionNode = FALSE
	EndGlobalSection
	GlobalSection(NestedProjects) = preSolution
		{51EDF5A8-A3D8-4F15-8F95-967517095375} = {39C3E6F9-1EF8-48F1-A291-427BA9748E35}
		{30A882E6-CF13-494F-9132-CE15E040B9DE} = {51EDF5A8-A3D8-4F15-8F95-967517095375}
	EndGlobalSection
	GlobalSection(ExtensibilityGlobals) = postSolution
		SolutionGuid = {67168FAE-ABC7-4274-B30F-1F2FF0F69602}
	EndGlobalSection
EndGlobal
