// !$*UTF8*$!
{
	archiveVersion = 1;
	classes = {
	};
	objectVersion = 46;
	objects = {

/* Begin PBXBuildFile section */
		70753954251E0505005B6E56 /* fiber_base.h in Headers */ = {isa = PBXBuildFile; fileRef = 7075394A251E0504005B6E56 /* fiber_base.h */; };
		70753955251E0505005B6E56 /* libfiber.h in Headers */ = {isa = PBXBuildFile; fileRef = 7075394B251E0504005B6E56 /* libfiber.h */; };
		70753956251E0505005B6E56 /* fiber_hook.h in Headers */ = {isa = PBXBuildFile; fileRef = 7075394C251E0504005B6E56 /* fiber_hook.h */; };
		70753957251E0505005B6E56 /* fiber_cond.h in Headers */ = {isa = PBXBuildFile; fileRef = 7075394D251E0504005B6E56 /* fiber_cond.h */; };
		70753958251E0505005B6E56 /* fiber_define.h in Headers */ = {isa = PBXBuildFile; fileRef = 7075394E251E0504005B6E56 /* fiber_define.h */; };
		70753959251E0505005B6E56 /* fiber_sem.h in Headers */ = {isa = PBXBuildFile; fileRef = 7075394F251E0505005B6E56 /* fiber_sem.h */; };
		7075395A251E0505005B6E56 /* lib_fiber.h in Headers */ = {isa = PBXBuildFile; fileRef = 70753950251E0505005B6E56 /* lib_fiber.h */; };
		7075395B251E0505005B6E56 /* fiber_lock.h in Headers */ = {isa = PBXBuildFile; fileRef = 70753951251E0505005B6E56 /* fiber_lock.h */; };
		7075395C251E0505005B6E56 /* fiber_channel.h in Headers */ = {isa = PBXBuildFile; fileRef = 70753952251E0505005B6E56 /* fiber_channel.h */; };
		7075395D251E0505005B6E56 /* fiber_event.h in Headers */ = {isa = PBXBuildFile; fileRef = 70753953251E0505005B6E56 /* fiber_event.h */; };
		70D5A2142D155EDD00E75387 /* event_epoll.c in Sources */ = {isa = PBXBuildFile; fileRef = 70D5A1802D155EDD00E75387 /* event_epoll.c */; };
		70D5A2182D155EDD00E75387 /* argv.c in Sources */ = {isa = PBXBuildFile; fileRef = 70D5A1442D155EDD00E75387 /* argv.c */; };
		70D5A2192D155EDD00E75387 /* jump_gas.S in Sources */ = {isa = PBXBuildFile; fileRef = 70D5A1972D155EDD00E75387 /* jump_gas.S */; };
		70D5A21B2D155EDD00E75387 /* pthread_patch.c in Sources */ = {isa = PBXBuildFile; fileRef = 70D5A1612D155EDD00E75387 /* pthread_patch.c */; };
		70D5A21C2D155EDD00E75387 /* yqueue.c in Sources */ = {isa = PBXBuildFile; fileRef = 70D5A1722D155EDD00E75387 /* yqueue.c */; };
		70D5A21D2D155EDD00E75387 /* gethostbyname.c in Sources */ = {isa = PBXBuildFile; fileRef = 70D5A1FC2D155EDD00E75387 /* gethostbyname.c */; };
		70D5A21F2D155EDD00E75387 /* event.c in Sources */ = {isa = PBXBuildFile; fileRef = 70D5A18E2D155EDD00E75387 /* event.c */; };
		70D5A2212D155EDD00E75387 /* strops.c in Sources */ = {isa = PBXBuildFile; fileRef = 70D5A16B2D155EDD00E75387 /* strops.c */; };
		70D5A2222D155EDD00E75387 /* socket.c in Sources */ = {isa = PBXBuildFile; fileRef = 70D5A2032D155EDD00E75387 /* socket.c */; };
		70D5A2252D155EDD00E75387 /* sync_waiter.c in Sources */ = {isa = PBXBuildFile; fileRef = 70D5A2122D155EDD00E75387 /* sync_waiter.c */; };
		70D5A2262D155EDD00E75387 /* fiber_read.c in Sources */ = {isa = PBXBuildFile; fileRef = 70D5A1F82D155EDD00E75387 /* fiber_read.c */; };
		70D5A2272D155EDD00E75387 /* rfc1035.c in Sources */ = {isa = PBXBuildFile; fileRef = 70D5A1782D155EDD00E75387 /* rfc1035.c */; };
		70D5A2292D155EDD00E75387 /* avl.c in Sources */ = {isa = PBXBuildFile; fileRef = 70D5A14A2D155EDD00E75387 /* avl.c */; };
		70D5A22B2D155EDD00E75387 /* fcntl.c in Sources */ = {isa = PBXBuildFile; fileRef = 70D5A1F72D155EDD00E75387 /* fcntl.c */; };
		70D5A22E2D155EDD00E75387 /* fiber_write.c in Sources */ = {isa = PBXBuildFile; fileRef = 70D5A1F92D155EDD00E75387 /* fiber_write.c */; };
		70D5A2332D155EDD00E75387 /* hook.c in Sources */ = {isa = PBXBuildFile; fileRef = 70D5A1FE2D155EDD00E75387 /* hook.c */; };
		70D5A2352D155EDD00E75387 /* sane_inet.c in Sources */ = {isa = PBXBuildFile; fileRef = 70D5A17A2D155EDD00E75387 /* sane_inet.c */; };
		70D5A2372D155EDD00E75387 /* sync_type.c in Sources */ = {isa = PBXBuildFile; fileRef = 70D5A2102D155EDD00E75387 /* sync_type.c */; };
		70D5A2382D155EDD00E75387 /* resolver.c in Sources */ = {isa = PBXBuildFile; fileRef = 70D5A1762D155EDD00E75387 /* resolver.c */; };
		70D5A2392D155EDD00E75387 /* stdafx.c in Sources */ = {isa = PBXBuildFile; fileRef = 70D5A2062D155EDD00E75387 /* stdafx.c */; };
		70D5A23F2D155EDD00E75387 /* event_poll.c in Sources */ = {isa = PBXBuildFile; fileRef = 70D5A1882D155EDD00E75387 /* event_poll.c */; };
		70D5A2412D155EDD00E75387 /* atomic.c in Sources */ = {isa = PBXBuildFile; fileRef = 70D5A1482D155EDD00E75387 /* atomic.c */; };
		70D5A2432D155EDD00E75387 /* event_kqueue.c in Sources */ = {isa = PBXBuildFile; fileRef = 70D5A1862D155EDD00E75387 /* event_kqueue.c */; };
		70D5A2462D155EDD00E75387 /* io.c in Sources */ = {isa = PBXBuildFile; fileRef = 70D5A2002D155EDD00E75387 /* io.c */; };
		70D5A2482D155EDD00E75387 /* fiber.c in Sources */ = {isa = PBXBuildFile; fileRef = 70D5A1F32D155EDD00E75387 /* fiber.c */; };
		70D5A2492D155EDD00E75387 /* event_iocp.c in Sources */ = {isa = PBXBuildFile; fileRef = 70D5A1842D155EDD00E75387 /* event_iocp.c */; };
		70D5A24B2D155EDD00E75387 /* doze.c in Sources */ = {isa = PBXBuildFile; fileRef = 70D5A14D2D155EDD00E75387 /* doze.c */; };
		70D5A24F2D155EDD00E75387 /* poll.c in Sources */ = {isa = PBXBuildFile; fileRef = 70D5A2012D155EDD00E75387 /* poll.c */; };
		70D5A2552D155EDD00E75387 /* ypipe.c in Sources */ = {isa = PBXBuildFile; fileRef = 70D5A1702D155EDD00E75387 /* ypipe.c */; };
		70D5A2592D155EDD00E75387 /* fiber_sem.c in Sources */ = {isa = PBXBuildFile; fileRef = 70D5A20C2D155EDD00E75387 /* fiber_sem.c */; };
		70D5A25D2D155EDD00E75387 /* ring.c in Sources */ = {isa = PBXBuildFile; fileRef = 70D5A1662D155EDD00E75387 /* ring.c */; };
		70D5A25E2D155EDD00E75387 /* socketpair.c in Sources */ = {isa = PBXBuildFile; fileRef = 70D5A1692D155EDD00E75387 /* socketpair.c */; };
		70D5A25F2D155EDD00E75387 /* getaddrinfo.c in Sources */ = {isa = PBXBuildFile; fileRef = 70D5A1FB2D155EDD00E75387 /* getaddrinfo.c */; };
		70D5A2602D155EDD00E75387 /* fiber_io.c in Sources */ = {isa = PBXBuildFile; fileRef = 70D5A1F42D155EDD00E75387 /* fiber_io.c */; };
		70D5A2612D155EDD00E75387 /* fiber_event.c in Sources */ = {isa = PBXBuildFile; fileRef = 70D5A2092D155EDD00E75387 /* fiber_event.c */; };
		70D5A2622D155EDD00E75387 /* file_event.c in Sources */ = {isa = PBXBuildFile; fileRef = 70D5A1F52D155EDD00E75387 /* file_event.c */; };
		70D5A2632D155EDD00E75387 /* select.c in Sources */ = {isa = PBXBuildFile; fileRef = 70D5A2022D155EDD00E75387 /* select.c */; };
		70D5A2642D155EDD00E75387 /* event_io_uring.c in Sources */ = {isa = PBXBuildFile; fileRef = 70D5A1822D155EDD00E75387 /* event_io_uring.c */; };
		70D5A2672D155EDD00E75387 /* gettimeofday.c in Sources */ = {isa = PBXBuildFile; fileRef = 70D5A1512D155EDD00E75387 /* gettimeofday.c */; };
		70D5A2682D155EDD00E75387 /* htable.c in Sources */ = {isa = PBXBuildFile; fileRef = 70D5A1532D155EDD00E75387 /* htable.c */; };
		70D5A2692D155EDD00E75387 /* queue.c in Sources */ = {isa = PBXBuildFile; fileRef = 70D5A1632D155EDD00E75387 /* queue.c */; };
		70D5A26C2D155EDD00E75387 /* fifo.c in Sources */ = {isa = PBXBuildFile; fileRef = 70D5A14F2D155EDD00E75387 /* fifo.c */; };
		70D5A26E2D155EDD00E75387 /* init.c in Sources */ = {isa = PBXBuildFile; fileRef = 70D5A1552D155EDD00E75387 /* init.c */; };
		70D5A2722D155EDD00E75387 /* mbox.c in Sources */ = {isa = PBXBuildFile; fileRef = 70D5A1592D155EDD00E75387 /* mbox.c */; };
		70D5A2742D155EDD00E75387 /* fiber_lock.c in Sources */ = {isa = PBXBuildFile; fileRef = 70D5A20A2D155EDD00E75387 /* fiber_lock.c */; };
		70D5A2752D155EDD00E75387 /* open_limit.c in Sources */ = {isa = PBXBuildFile; fileRef = 70D5A15F2D155EDD00E75387 /* open_limit.c */; };
		70D5A2772D155EDD00E75387 /* channel.c in Sources */ = {isa = PBXBuildFile; fileRef = 70D5A2072D155EDD00E75387 /* channel.c */; };
		70D5A2782D155EDD00E75387 /* event_wmsg.c in Sources */ = {isa = PBXBuildFile; fileRef = 70D5A18C2D155EDD00E75387 /* event_wmsg.c */; };
		70D5A2792D155EDD00E75387 /* close_on_exec.c in Sources */ = {isa = PBXBuildFile; fileRef = 70D5A14C2D155EDD00E75387 /* close_on_exec.c */; };
		70D5A27B2D155EDD00E75387 /* tcp_nodelay.c in Sources */ = {isa = PBXBuildFile; fileRef = 70D5A16C2D155EDD00E75387 /* tcp_nodelay.c */; };
		70D5A27D2D155EDD00E75387 /* fiber_mutex.c in Sources */ = {isa = PBXBuildFile; fileRef = 70D5A20B2D155EDD00E75387 /* fiber_mutex.c */; };
		70D5A27E2D155EDD00E75387 /* memory.c in Sources */ = {isa = PBXBuildFile; fileRef = 70D5A15B2D155EDD00E75387 /* memory.c */; };
		70D5A2812D155EDD00E75387 /* read_wait.c in Sources */ = {isa = PBXBuildFile; fileRef = 70D5A1642D155EDD00E75387 /* read_wait.c */; };
		70D5A2822D155EDD00E75387 /* make_gas.S in Sources */ = {isa = PBXBuildFile; fileRef = 70D5A1B22D155EDD00E75387 /* make_gas.S */; };
		70D5A2832D155EDD00E75387 /* non_blocking.c in Sources */ = {isa = PBXBuildFile; fileRef = 70D5A15E2D155EDD00E75387 /* non_blocking.c */; };
		70D5A2862D155EDD00E75387 /* timer_cache.c in Sources */ = {isa = PBXBuildFile; fileRef = 70D5A16E2D155EDD00E75387 /* timer_cache.c */; };
		70D5A2872D155EDD00E75387 /* epoll.c in Sources */ = {isa = PBXBuildFile; fileRef = 70D5A1F62D155EDD00E75387 /* epoll.c */; };
		70D5A28B2D155EDD00E75387 /* file.c in Sources */ = {isa = PBXBuildFile; fileRef = 70D5A1FA2D155EDD00E75387 /* file.c */; };
		70D5A28F2D155EDD00E75387 /* event_select.c in Sources */ = {isa = PBXBuildFile; fileRef = 70D5A18A2D155EDD00E75387 /* event_select.c */; };
		70D5A2912D155EDD00E75387 /* fiber_unix.c in Sources */ = {isa = PBXBuildFile; fileRef = 70D5A1EF2D155EDD00E75387 /* fiber_unix.c */; };
		70D5A2952D155EDD00E75387 /* valid_hostname.c in Sources */ = {isa = PBXBuildFile; fileRef = 70D5A17C2D155EDD00E75387 /* valid_hostname.c */; };
		70D5A29B2D155EDD00E75387 /* sync_timer.c in Sources */ = {isa = PBXBuildFile; fileRef = 70D5A20E2D155EDD00E75387 /* sync_timer.c */; };
		70D5A29C2D155EDD00E75387 /* array.c in Sources */ = {isa = PBXBuildFile; fileRef = 70D5A1462D155EDD00E75387 /* array.c */; };
		70D5A29D2D155EDD00E75387 /* fiber_win.c in Sources */ = {isa = PBXBuildFile; fileRef = 70D5A1F02D155EDD00E75387 /* fiber_win.c */; };
		70D5A29E2D155EDD00E75387 /* msg.c in Sources */ = {isa = PBXBuildFile; fileRef = 70D5A15D2D155EDD00E75387 /* msg.c */; };
		70D5A2A32D155EDD00E75387 /* fiber_cond.c in Sources */ = {isa = PBXBuildFile; fileRef = 70D5A2082D155EDD00E75387 /* fiber_cond.c */; };
		70D5A2A52D155EDD00E75387 /* fbase_event.c in Sources */ = {isa = PBXBuildFile; fileRef = 70D5A18F2D155EDD00E75387 /* fbase_event.c */; };
		70D5A2AE2D155EDD00E75387 /* sane_socket.c in Sources */ = {isa = PBXBuildFile; fileRef = 70D5A1682D155EDD00E75387 /* sane_socket.c */; };
		70D5A2B02D155EDD00E75387 /* memory.h in Headers */ = {isa = PBXBuildFile; fileRef = 70D5A15A2D155EDD00E75387 /* memory.h */; };
		70D5A2B12D155EDD00E75387 /* ring.h in Headers */ = {isa = PBXBuildFile; fileRef = 70D5A1652D155EDD00E75387 /* ring.h */; };
		70D5A2B22D155EDD00E75387 /* mbox.h in Headers */ = {isa = PBXBuildFile; fileRef = 70D5A1582D155EDD00E75387 /* mbox.h */; };
		70D5A2B32D155EDD00E75387 /* fifo.h in Headers */ = {isa = PBXBuildFile; fileRef = 70D5A14E2D155EDD00E75387 /* fifo.h */; };
		70D5A2B42D155EDD00E75387 /* argv.h in Headers */ = {isa = PBXBuildFile; fileRef = 70D5A1432D155EDD00E75387 /* argv.h */; };
		70D5A2B52D155EDD00E75387 /* valid_hostname.h in Headers */ = {isa = PBXBuildFile; fileRef = 70D5A17B2D155EDD00E75387 /* valid_hostname.h */; };
		70D5A2B62D155EDD00E75387 /* init.h in Headers */ = {isa = PBXBuildFile; fileRef = 70D5A1542D155EDD00E75387 /* init.h */; };
		70D5A2B72D155EDD00E75387 /* sync_timer.h in Headers */ = {isa = PBXBuildFile; fileRef = 70D5A20D2D155EDD00E75387 /* sync_timer.h */; };
		70D5A2B82D155EDD00E75387 /* fiber.h in Headers */ = {isa = PBXBuildFile; fileRef = 70D5A1902D155EDD00E75387 /* fiber.h */; };
		70D5A2B92D155EDD00E75387 /* pthread_patch.h in Headers */ = {isa = PBXBuildFile; fileRef = 70D5A1602D155EDD00E75387 /* pthread_patch.h */; };
		70D5A2BA2D155EDD00E75387 /* x86_jmp.h in Headers */ = {isa = PBXBuildFile; fileRef = 70D5A1F12D155EDD00E75387 /* x86_jmp.h */; };
		70D5A2BB2D155EDD00E75387 /* event_kqueue.h in Headers */ = {isa = PBXBuildFile; fileRef = 70D5A1852D155EDD00E75387 /* event_kqueue.h */; };
		70D5A2BC2D155EDD00E75387 /* ypipe.h in Headers */ = {isa = PBXBuildFile; fileRef = 70D5A16F2D155EDD00E75387 /* ypipe.h */; };
		70D5A2BD2D155EDD00E75387 /* array.h in Headers */ = {isa = PBXBuildFile; fileRef = 70D5A1452D155EDD00E75387 /* array.h */; };
		70D5A2BE2D155EDD00E75387 /* iostuff.h in Headers */ = {isa = PBXBuildFile; fileRef = 70D5A1562D155EDD00E75387 /* iostuff.h */; };
		70D5A2BF2D155EDD00E75387 /* common.h in Headers */ = {isa = PBXBuildFile; fileRef = 70D5A1422D155EDD00E75387 /* common.h */; };
		70D5A2C02D155EDD00E75387 /* htable.h in Headers */ = {isa = PBXBuildFile; fileRef = 70D5A1522D155EDD00E75387 /* htable.h */; };
		70D5A2C12D155EDD00E75387 /* sane_inet.h in Headers */ = {isa = PBXBuildFile; fileRef = 70D5A1792D155EDD00E75387 /* sane_inet.h */; };
		70D5A2C22D155EDD00E75387 /* msg.h in Headers */ = {isa = PBXBuildFile; fileRef = 70D5A15C2D155EDD00E75387 /* msg.h */; };
		70D5A2C32D155EDD00E75387 /* sane_socket.h in Headers */ = {isa = PBXBuildFile; fileRef = 70D5A1672D155EDD00E75387 /* sane_socket.h */; };
		70D5A2C42D155EDD00E75387 /* yqueue.h in Headers */ = {isa = PBXBuildFile; fileRef = 70D5A1712D155EDD00E75387 /* yqueue.h */; };
		70D5A2C52D155EDD00E75387 /* event_poll.h in Headers */ = {isa = PBXBuildFile; fileRef = 70D5A1872D155EDD00E75387 /* event_poll.h */; };
		70D5A2C62D155EDD00E75387 /* stdafx.h in Headers */ = {isa = PBXBuildFile; fileRef = 70D5A2052D155EDD00E75387 /* stdafx.h */; };
		70D5A2C72D155EDD00E75387 /* strops.h in Headers */ = {isa = PBXBuildFile; fileRef = 70D5A16A2D155EDD00E75387 /* strops.h */; };
		70D5A2C82D155EDD00E75387 /* event.h in Headers */ = {isa = PBXBuildFile; fileRef = 70D5A17E2D155EDD00E75387 /* event.h */; };
		70D5A2C92D155EDD00E75387 /* boost_jmp.h in Headers */ = {isa = PBXBuildFile; fileRef = 70D5A1ED2D155EDD00E75387 /* boost_jmp.h */; };
		70D5A2CA2D155EDD00E75387 /* event_wmsg.h in Headers */ = {isa = PBXBuildFile; fileRef = 70D5A18B2D155EDD00E75387 /* event_wmsg.h */; };
		70D5A2CB2D155EDD00E75387 /* atomic.h in Headers */ = {isa = PBXBuildFile; fileRef = 70D5A1472D155EDD00E75387 /* atomic.h */; };
		70D5A2CC2D155EDD00E75387 /* define.h in Headers */ = {isa = PBXBuildFile; fileRef = 70D5A1742D155EDD00E75387 /* define.h */; };
		70D5A2CD2D155EDD00E75387 /* timer_cache.h in Headers */ = {isa = PBXBuildFile; fileRef = 70D5A16D2D155EDD00E75387 /* timer_cache.h */; };
		70D5A2CE2D155EDD00E75387 /* hook.h in Headers */ = {isa = PBXBuildFile; fileRef = 70D5A1FD2D155EDD00E75387 /* hook.h */; };
		70D5A2CF2D155EDD00E75387 /* event_io_uring.h in Headers */ = {isa = PBXBuildFile; fileRef = 70D5A1812D155EDD00E75387 /* event_io_uring.h */; };
		70D5A2D02D155EDD00E75387 /* iterator.h in Headers */ = {isa = PBXBuildFile; fileRef = 70D5A1572D155EDD00E75387 /* iterator.h */; };
		70D5A2D12D155EDD00E75387 /* exp_jmp.h in Headers */ = {isa = PBXBuildFile; fileRef = 70D5A1EE2D155EDD00E75387 /* exp_jmp.h */; };
		70D5A2D22D155EDD00E75387 /* event_epoll.h in Headers */ = {isa = PBXBuildFile; fileRef = 70D5A17F2D155EDD00E75387 /* event_epoll.h */; };
		70D5A2D32D155EDD00E75387 /* gettimeofday.h in Headers */ = {isa = PBXBuildFile; fileRef = 70D5A1502D155EDD00E75387 /* gettimeofday.h */; };
		70D5A2D42D155EDD00E75387 /* avl.h in Headers */ = {isa = PBXBuildFile; fileRef = 70D5A1492D155EDD00E75387 /* avl.h */; };
		70D5A2D52D155EDD00E75387 /* queue.h in Headers */ = {isa = PBXBuildFile; fileRef = 70D5A1622D155EDD00E75387 /* queue.h */; };
		70D5A2D62D155EDD00E75387 /* avl_impl.h in Headers */ = {isa = PBXBuildFile; fileRef = 70D5A14B2D155EDD00E75387 /* avl_impl.h */; };
		70D5A2D72D155EDD00E75387 /* sync_type.h in Headers */ = {isa = PBXBuildFile; fileRef = 70D5A20F2D155EDD00E75387 /* sync_type.h */; };
		70D5A2D82D155EDD00E75387 /* io.h in Headers */ = {isa = PBXBuildFile; fileRef = 70D5A1FF2D155EDD00E75387 /* io.h */; };
		70D5A2D92D155EDD00E75387 /* event_select.h in Headers */ = {isa = PBXBuildFile; fileRef = 70D5A1892D155EDD00E75387 /* event_select.h */; };
		70D5A2DA2D155EDD00E75387 /* resolver.h in Headers */ = {isa = PBXBuildFile; fileRef = 70D5A1752D155EDD00E75387 /* resolver.h */; };
		70D5A2DB2D155EDD00E75387 /* event_iocp.h in Headers */ = {isa = PBXBuildFile; fileRef = 70D5A1832D155EDD00E75387 /* event_iocp.h */; };
		70D5A2DC2D155EDD00E75387 /* sync_waiter.h in Headers */ = {isa = PBXBuildFile; fileRef = 70D5A2112D155EDD00E75387 /* sync_waiter.h */; };
		70D5A2DD2D155EDD00E75387 /* rfc1035.h in Headers */ = {isa = PBXBuildFile; fileRef = 70D5A1772D155EDD00E75387 /* rfc1035.h */; };
/* End PBXBuildFile section */

/* Begin PBXFileReference section */
		070F35202090217900672EDC /* libfiber.a */ = {isa = PBXFileReference; explicitFileType = archive.ar; includeInIndex = 0; path = libfiber.a; sourceTree = BUILT_PRODUCTS_DIR; };
		7075394A251E0504005B6E56 /* fiber_base.h */ = {isa = PBXFileReference; fileEncoding = 4; lastKnownFileType = sourcecode.c.h; name = fiber_base.h; path = c/include/fiber/fiber_base.h; sourceTree = "<group>"; };
		7075394B251E0504005B6E56 /* libfiber.h */ = {isa = PBXFileReference; fileEncoding = 4; lastKnownFileType = sourcecode.c.h; name = libfiber.h; path = c/include/fiber/libfiber.h; sourceTree = "<group>"; };
		7075394C251E0504005B6E56 /* fiber_hook.h */ = {isa = PBXFileReference; fileEncoding = 4; lastKnownFileType = sourcecode.c.h; name = fiber_hook.h; path = c/include/fiber/fiber_hook.h; sourceTree = "<group>"; };
		7075394D251E0504005B6E56 /* fiber_cond.h */ = {isa = PBXFileReference; fileEncoding = 4; lastKnownFileType = sourcecode.c.h; name = fiber_cond.h; path = c/include/fiber/fiber_cond.h; sourceTree = "<group>"; };
		7075394E251E0504005B6E56 /* fiber_define.h */ = {isa = PBXFileReference; fileEncoding = 4; lastKnownFileType = sourcecode.c.h; name = fiber_define.h; path = c/include/fiber/fiber_define.h; sourceTree = "<group>"; };
		7075394F251E0505005B6E56 /* fiber_sem.h */ = {isa = PBXFileReference; fileEncoding = 4; lastKnownFileType = sourcecode.c.h; name = fiber_sem.h; path = c/include/fiber/fiber_sem.h; sourceTree = "<group>"; };
		70753950251E0505005B6E56 /* lib_fiber.h */ = {isa = PBXFileReference; fileEncoding = 4; lastKnownFileType = sourcecode.c.h; name = lib_fiber.h; path = c/include/fiber/lib_fiber.h; sourceTree = "<group>"; };
		70753951251E0505005B6E56 /* fiber_lock.h */ = {isa = PBXFileReference; fileEncoding = 4; lastKnownFileType = sourcecode.c.h; name = fiber_lock.h; path = c/include/fiber/fiber_lock.h; sourceTree = "<group>"; };
		70753952251E0505005B6E56 /* fiber_channel.h */ = {isa = PBXFileReference; fileEncoding = 4; lastKnownFileType = sourcecode.c.h; name = fiber_channel.h; path = c/include/fiber/fiber_channel.h; sourceTree = "<group>"; };
		70753953251E0505005B6E56 /* fiber_event.h */ = {isa = PBXFileReference; fileEncoding = 4; lastKnownFileType = sourcecode.c.h; name = fiber_event.h; path = c/include/fiber/fiber_event.h; sourceTree = "<group>"; };
		70D5A1422D155EDD00E75387 /* common.h */ = {isa = PBXFileReference; lastKnownFileType = sourcecode.c.h; name = common.h; path = c/src/common.h; sourceTree = "<group>"; };
		70D5A1432D155EDD00E75387 /* argv.h */ = {isa = PBXFileReference; lastKnownFileType = sourcecode.c.h; path = argv.h; sourceTree = "<group>"; };
		70D5A1442D155EDD00E75387 /* argv.c */ = {isa = PBXFileReference; lastKnownFileType = sourcecode.c.c; path = argv.c; sourceTree = "<group>"; };
		70D5A1452D155EDD00E75387 /* array.h */ = {isa = PBXFileReference; lastKnownFileType = sourcecode.c.h; path = array.h; sourceTree = "<group>"; };
		70D5A1462D155EDD00E75387 /* array.c */ = {isa = PBXFileReference; lastKnownFileType = sourcecode.c.c; path = array.c; sourceTree = "<group>"; };
		70D5A1472D155EDD00E75387 /* atomic.h */ = {isa = PBXFileReference; lastKnownFileType = sourcecode.c.h; path = atomic.h; sourceTree = "<group>"; };
		70D5A1482D155EDD00E75387 /* atomic.c */ = {isa = PBXFileReference; lastKnownFileType = sourcecode.c.c; path = atomic.c; sourceTree = "<group>"; };
		70D5A1492D155EDD00E75387 /* avl.h */ = {isa = PBXFileReference; lastKnownFileType = sourcecode.c.h; path = avl.h; sourceTree = "<group>"; };
		70D5A14A2D155EDD00E75387 /* avl.c */ = {isa = PBXFileReference; lastKnownFileType = sourcecode.c.c; path = avl.c; sourceTree = "<group>"; };
		70D5A14B2D155EDD00E75387 /* avl_impl.h */ = {isa = PBXFileReference; lastKnownFileType = sourcecode.c.h; path = avl_impl.h; sourceTree = "<group>"; };
		70D5A14C2D155EDD00E75387 /* close_on_exec.c */ = {isa = PBXFileReference; lastKnownFileType = sourcecode.c.c; path = close_on_exec.c; sourceTree = "<group>"; };
		70D5A14D2D155EDD00E75387 /* doze.c */ = {isa = PBXFileReference; lastKnownFileType = sourcecode.c.c; path = doze.c; sourceTree = "<group>"; };
		70D5A14E2D155EDD00E75387 /* fifo.h */ = {isa = PBXFileReference; lastKnownFileType = sourcecode.c.h; path = fifo.h; sourceTree = "<group>"; };
		70D5A14F2D155EDD00E75387 /* fifo.c */ = {isa = PBXFileReference; lastKnownFileType = sourcecode.c.c; path = fifo.c; sourceTree = "<group>"; };
		70D5A1502D155EDD00E75387 /* gettimeofday.h */ = {isa = PBXFileReference; lastKnownFileType = sourcecode.c.h; path = gettimeofday.h; sourceTree = "<group>"; };
		70D5A1512D155EDD00E75387 /* gettimeofday.c */ = {isa = PBXFileReference; lastKnownFileType = sourcecode.c.c; path = gettimeofday.c; sourceTree = "<group>"; };
		70D5A1522D155EDD00E75387 /* htable.h */ = {isa = PBXFileReference; lastKnownFileType = sourcecode.c.h; path = htable.h; sourceTree = "<group>"; };
		70D5A1532D155EDD00E75387 /* htable.c */ = {isa = PBXFileReference; lastKnownFileType = sourcecode.c.c; path = htable.c; sourceTree = "<group>"; };
		70D5A1542D155EDD00E75387 /* init.h */ = {isa = PBXFileReference; lastKnownFileType = sourcecode.c.h; path = init.h; sourceTree = "<group>"; };
		70D5A1552D155EDD00E75387 /* init.c */ = {isa = PBXFileReference; lastKnownFileType = sourcecode.c.c; path = init.c; sourceTree = "<group>"; };
		70D5A1562D155EDD00E75387 /* iostuff.h */ = {isa = PBXFileReference; lastKnownFileType = sourcecode.c.h; path = iostuff.h; sourceTree = "<group>"; };
		70D5A1572D155EDD00E75387 /* iterator.h */ = {isa = PBXFileReference; lastKnownFileType = sourcecode.c.h; path = iterator.h; sourceTree = "<group>"; };
		70D5A1582D155EDD00E75387 /* mbox.h */ = {isa = PBXFileReference; lastKnownFileType = sourcecode.c.h; path = mbox.h; sourceTree = "<group>"; };
		70D5A1592D155EDD00E75387 /* mbox.c */ = {isa = PBXFileReference; lastKnownFileType = sourcecode.c.c; path = mbox.c; sourceTree = "<group>"; };
		70D5A15A2D155EDD00E75387 /* memory.h */ = {isa = PBXFileReference; lastKnownFileType = sourcecode.c.h; path = memory.h; sourceTree = "<group>"; };
		70D5A15B2D155EDD00E75387 /* memory.c */ = {isa = PBXFileReference; lastKnownFileType = sourcecode.c.c; path = memory.c; sourceTree = "<group>"; };
		70D5A15C2D155EDD00E75387 /* msg.h */ = {isa = PBXFileReference; lastKnownFileType = sourcecode.c.h; path = msg.h; sourceTree = "<group>"; };
		70D5A15D2D155EDD00E75387 /* msg.c */ = {isa = PBXFileReference; lastKnownFileType = sourcecode.c.c; path = msg.c; sourceTree = "<group>"; };
		70D5A15E2D155EDD00E75387 /* non_blocking.c */ = {isa = PBXFileReference; lastKnownFileType = sourcecode.c.c; path = non_blocking.c; sourceTree = "<group>"; };
		70D5A15F2D155EDD00E75387 /* open_limit.c */ = {isa = PBXFileReference; lastKnownFileType = sourcecode.c.c; path = open_limit.c; sourceTree = "<group>"; };
		70D5A1602D155EDD00E75387 /* pthread_patch.h */ = {isa = PBXFileReference; lastKnownFileType = sourcecode.c.h; path = pthread_patch.h; sourceTree = "<group>"; };
		70D5A1612D155EDD00E75387 /* pthread_patch.c */ = {isa = PBXFileReference; lastKnownFileType = sourcecode.c.c; path = pthread_patch.c; sourceTree = "<group>"; };
		70D5A1622D155EDD00E75387 /* queue.h */ = {isa = PBXFileReference; lastKnownFileType = sourcecode.c.h; path = queue.h; sourceTree = "<group>"; };
		70D5A1632D155EDD00E75387 /* queue.c */ = {isa = PBXFileReference; lastKnownFileType = sourcecode.c.c; path = queue.c; sourceTree = "<group>"; };
		70D5A1642D155EDD00E75387 /* read_wait.c */ = {isa = PBXFileReference; lastKnownFileType = sourcecode.c.c; path = read_wait.c; sourceTree = "<group>"; };
		70D5A1652D155EDD00E75387 /* ring.h */ = {isa = PBXFileReference; lastKnownFileType = sourcecode.c.h; path = ring.h; sourceTree = "<group>"; };
		70D5A1662D155EDD00E75387 /* ring.c */ = {isa = PBXFileReference; lastKnownFileType = sourcecode.c.c; path = ring.c; sourceTree = "<group>"; };
		70D5A1672D155EDD00E75387 /* sane_socket.h */ = {isa = PBXFileReference; lastKnownFileType = sourcecode.c.h; path = sane_socket.h; sourceTree = "<group>"; };
		70D5A1682D155EDD00E75387 /* sane_socket.c */ = {isa = PBXFileReference; lastKnownFileType = sourcecode.c.c; path = sane_socket.c; sourceTree = "<group>"; };
		70D5A1692D155EDD00E75387 /* socketpair.c */ = {isa = PBXFileReference; lastKnownFileType = sourcecode.c.c; path = socketpair.c; sourceTree = "<group>"; };
		70D5A16A2D155EDD00E75387 /* strops.h */ = {isa = PBXFileReference; lastKnownFileType = sourcecode.c.h; path = strops.h; sourceTree = "<group>"; };
		70D5A16B2D155EDD00E75387 /* strops.c */ = {isa = PBXFileReference; lastKnownFileType = sourcecode.c.c; path = strops.c; sourceTree = "<group>"; };
		70D5A16C2D155EDD00E75387 /* tcp_nodelay.c */ = {isa = PBXFileReference; lastKnownFileType = sourcecode.c.c; path = tcp_nodelay.c; sourceTree = "<group>"; };
		70D5A16D2D155EDD00E75387 /* timer_cache.h */ = {isa = PBXFileReference; lastKnownFileType = sourcecode.c.h; path = timer_cache.h; sourceTree = "<group>"; };
		70D5A16E2D155EDD00E75387 /* timer_cache.c */ = {isa = PBXFileReference; lastKnownFileType = sourcecode.c.c; path = timer_cache.c; sourceTree = "<group>"; };
		70D5A16F2D155EDD00E75387 /* ypipe.h */ = {isa = PBXFileReference; lastKnownFileType = sourcecode.c.h; path = ypipe.h; sourceTree = "<group>"; };
		70D5A1702D155EDD00E75387 /* ypipe.c */ = {isa = PBXFileReference; lastKnownFileType = sourcecode.c.c; path = ypipe.c; sourceTree = "<group>"; };
		70D5A1712D155EDD00E75387 /* yqueue.h */ = {isa = PBXFileReference; lastKnownFileType = sourcecode.c.h; path = yqueue.h; sourceTree = "<group>"; };
		70D5A1722D155EDD00E75387 /* yqueue.c */ = {isa = PBXFileReference; lastKnownFileType = sourcecode.c.c; path = yqueue.c; sourceTree = "<group>"; };
		70D5A1742D155EDD00E75387 /* define.h */ = {isa = PBXFileReference; lastKnownFileType = sourcecode.c.h; name = define.h; path = c/src/define.h; sourceTree = "<group>"; };
		70D5A1752D155EDD00E75387 /* resolver.h */ = {isa = PBXFileReference; lastKnownFileType = sourcecode.c.h; path = resolver.h; sourceTree = "<group>"; };
		70D5A1762D155EDD00E75387 /* resolver.c */ = {isa = PBXFileReference; lastKnownFileType = sourcecode.c.c; path = resolver.c; sourceTree = "<group>"; };
		70D5A1772D155EDD00E75387 /* rfc1035.h */ = {isa = PBXFileReference; lastKnownFileType = sourcecode.c.h; path = rfc1035.h; sourceTree = "<group>"; };
		70D5A1782D155EDD00E75387 /* rfc1035.c */ = {isa = PBXFileReference; lastKnownFileType = sourcecode.c.c; path = rfc1035.c; sourceTree = "<group>"; };
		70D5A1792D155EDD00E75387 /* sane_inet.h */ = {isa = PBXFileReference; lastKnownFileType = sourcecode.c.h; path = sane_inet.h; sourceTree = "<group>"; };
		70D5A17A2D155EDD00E75387 /* sane_inet.c */ = {isa = PBXFileReference; lastKnownFileType = sourcecode.c.c; path = sane_inet.c; sourceTree = "<group>"; };
		70D5A17B2D155EDD00E75387 /* valid_hostname.h */ = {isa = PBXFileReference; lastKnownFileType = sourcecode.c.h; path = valid_hostname.h; sourceTree = "<group>"; };
		70D5A17C2D155EDD00E75387 /* valid_hostname.c */ = {isa = PBXFileReference; lastKnownFileType = sourcecode.c.c; path = valid_hostname.c; sourceTree = "<group>"; };
		70D5A17E2D155EDD00E75387 /* event.h */ = {isa = PBXFileReference; lastKnownFileType = sourcecode.c.h; name = event.h; path = c/src/event.h; sourceTree = "<group>"; };
		70D5A17F2D155EDD00E75387 /* event_epoll.h */ = {isa = PBXFileReference; lastKnownFileType = sourcecode.c.h; path = event_epoll.h; sourceTree = "<group>"; };
		70D5A1802D155EDD00E75387 /* event_epoll.c */ = {isa = PBXFileReference; lastKnownFileType = sourcecode.c.c; path = event_epoll.c; sourceTree = "<group>"; };
		70D5A1812D155EDD00E75387 /* event_io_uring.h */ = {isa = PBXFileReference; lastKnownFileType = sourcecode.c.h; path = event_io_uring.h; sourceTree = "<group>"; };
		70D5A1822D155EDD00E75387 /* event_io_uring.c */ = {isa = PBXFileReference; lastKnownFileType = sourcecode.c.c; path = event_io_uring.c; sourceTree = "<group>"; };
		70D5A1832D155EDD00E75387 /* event_iocp.h */ = {isa = PBXFileReference; lastKnownFileType = sourcecode.c.h; path = event_iocp.h; sourceTree = "<group>"; };
		70D5A1842D155EDD00E75387 /* event_iocp.c */ = {isa = PBXFileReference; lastKnownFileType = sourcecode.c.c; path = event_iocp.c; sourceTree = "<group>"; };
		70D5A1852D155EDD00E75387 /* event_kqueue.h */ = {isa = PBXFileReference; lastKnownFileType = sourcecode.c.h; path = event_kqueue.h; sourceTree = "<group>"; };
		70D5A1862D155EDD00E75387 /* event_kqueue.c */ = {isa = PBXFileReference; lastKnownFileType = sourcecode.c.c; path = event_kqueue.c; sourceTree = "<group>"; };
		70D5A1872D155EDD00E75387 /* event_poll.h */ = {isa = PBXFileReference; lastKnownFileType = sourcecode.c.h; path = event_poll.h; sourceTree = "<group>"; };
		70D5A1882D155EDD00E75387 /* event_poll.c */ = {isa = PBXFileReference; lastKnownFileType = sourcecode.c.c; path = event_poll.c; sourceTree = "<group>"; };
		70D5A1892D155EDD00E75387 /* event_select.h */ = {isa = PBXFileReference; lastKnownFileType = sourcecode.c.h; path = event_select.h; sourceTree = "<group>"; };
		70D5A18A2D155EDD00E75387 /* event_select.c */ = {isa = PBXFileReference; lastKnownFileType = sourcecode.c.c; path = event_select.c; sourceTree = "<group>"; };
		70D5A18B2D155EDD00E75387 /* event_wmsg.h */ = {isa = PBXFileReference; lastKnownFileType = sourcecode.c.h; path = event_wmsg.h; sourceTree = "<group>"; };
		70D5A18C2D155EDD00E75387 /* event_wmsg.c */ = {isa = PBXFileReference; lastKnownFileType = sourcecode.c.c; path = event_wmsg.c; sourceTree = "<group>"; };
		70D5A18E2D155EDD00E75387 /* event.c */ = {isa = PBXFileReference; lastKnownFileType = sourcecode.c.c; name = event.c; path = c/src/event.c; sourceTree = "<group>"; };
		70D5A18F2D155EDD00E75387 /* fbase_event.c */ = {isa = PBXFileReference; lastKnownFileType = sourcecode.c.c; name = fbase_event.c; path = c/src/fbase_event.c; sourceTree = "<group>"; };
		70D5A1902D155EDD00E75387 /* fiber.h */ = {isa = PBXFileReference; lastKnownFileType = sourcecode.c.h; name = fiber.h; path = c/src/fiber.h; sourceTree = "<group>"; };
		70D5A1972D155EDD00E75387 /* jump_gas.S */ = {isa = PBXFileReference; lastKnownFileType = sourcecode.asm; path = jump_gas.S; sourceTree = "<group>"; };
		70D5A1B22D155EDD00E75387 /* make_gas.S */ = {isa = PBXFileReference; lastKnownFileType = sourcecode.asm; path = make_gas.S; sourceTree = "<group>"; };
		70D5A1ED2D155EDD00E75387 /* boost_jmp.h */ = {isa = PBXFileReference; lastKnownFileType = sourcecode.c.h; path = boost_jmp.h; sourceTree = "<group>"; };
		70D5A1EE2D155EDD00E75387 /* exp_jmp.h */ = {isa = PBXFileReference; lastKnownFileType = sourcecode.c.h; path = exp_jmp.h; sourceTree = "<group>"; };
		70D5A1EF2D155EDD00E75387 /* fiber_unix.c */ = {isa = PBXFileReference; lastKnownFileType = sourcecode.c.c; path = fiber_unix.c; sourceTree = "<group>"; };
		70D5A1F02D155EDD00E75387 /* fiber_win.c */ = {isa = PBXFileReference; lastKnownFileType = sourcecode.c.c; path = fiber_win.c; sourceTree = "<group>"; };
		70D5A1F12D155EDD00E75387 /* x86_jmp.h */ = {isa = PBXFileReference; lastKnownFileType = sourcecode.c.h; path = x86_jmp.h; sourceTree = "<group>"; };
		70D5A1F32D155EDD00E75387 /* fiber.c */ = {isa = PBXFileReference; lastKnownFileType = sourcecode.c.c; name = fiber.c; path = c/src/fiber.c; sourceTree = "<group>"; };
		70D5A1F42D155EDD00E75387 /* fiber_io.c */ = {isa = PBXFileReference; lastKnownFileType = sourcecode.c.c; name = fiber_io.c; path = c/src/fiber_io.c; sourceTree = "<group>"; };
		70D5A1F52D155EDD00E75387 /* file_event.c */ = {isa = PBXFileReference; lastKnownFileType = sourcecode.c.c; name = file_event.c; path = c/src/file_event.c; sourceTree = "<group>"; };
		70D5A1F62D155EDD00E75387 /* epoll.c */ = {isa = PBXFileReference; lastKnownFileType = sourcecode.c.c; path = epoll.c; sourceTree = "<group>"; };
		70D5A1F72D155EDD00E75387 /* fcntl.c */ = {isa = PBXFileReference; lastKnownFileType = sourcecode.c.c; path = fcntl.c; sourceTree = "<group>"; };
		70D5A1F82D155EDD00E75387 /* fiber_read.c */ = {isa = PBXFileReference; lastKnownFileType = sourcecode.c.c; path = fiber_read.c; sourceTree = "<group>"; };
		70D5A1F92D155EDD00E75387 /* fiber_write.c */ = {isa = PBXFileReference; lastKnownFileType = sourcecode.c.c; path = fiber_write.c; sourceTree = "<group>"; };
		70D5A1FA2D155EDD00E75387 /* file.c */ = {isa = PBXFileReference; lastKnownFileType = sourcecode.c.c; path = file.c; sourceTree = "<group>"; };
		70D5A1FB2D155EDD00E75387 /* getaddrinfo.c */ = {isa = PBXFileReference; lastKnownFileType = sourcecode.c.c; path = getaddrinfo.c; sourceTree = "<group>"; };
		70D5A1FC2D155EDD00E75387 /* gethostbyname.c */ = {isa = PBXFileReference; lastKnownFileType = sourcecode.c.c; path = gethostbyname.c; sourceTree = "<group>"; };
		70D5A1FD2D155EDD00E75387 /* hook.h */ = {isa = PBXFileReference; lastKnownFileType = sourcecode.c.h; path = hook.h; sourceTree = "<group>"; };
		70D5A1FE2D155EDD00E75387 /* hook.c */ = {isa = PBXFileReference; lastKnownFileType = sourcecode.c.c; path = hook.c; sourceTree = "<group>"; };
		70D5A1FF2D155EDD00E75387 /* io.h */ = {isa = PBXFileReference; lastKnownFileType = sourcecode.c.h; path = io.h; sourceTree = "<group>"; };
		70D5A2002D155EDD00E75387 /* io.c */ = {isa = PBXFileReference; lastKnownFileType = sourcecode.c.c; path = io.c; sourceTree = "<group>"; };
		70D5A2012D155EDD00E75387 /* poll.c */ = {isa = PBXFileReference; lastKnownFileType = sourcecode.c.c; path = poll.c; sourceTree = "<group>"; };
		70D5A2022D155EDD00E75387 /* select.c */ = {isa = PBXFileReference; lastKnownFileType = sourcecode.c.c; path = select.c; sourceTree = "<group>"; };
		70D5A2032D155EDD00E75387 /* socket.c */ = {isa = PBXFileReference; lastKnownFileType = sourcecode.c.c; path = socket.c; sourceTree = "<group>"; };
		70D5A2052D155EDD00E75387 /* stdafx.h */ = {isa = PBXFileReference; lastKnownFileType = sourcecode.c.h; name = stdafx.h; path = c/src/stdafx.h; sourceTree = "<group>"; };
		70D5A2062D155EDD00E75387 /* stdafx.c */ = {isa = PBXFileReference; lastKnownFileType = sourcecode.c.c; name = stdafx.c; path = c/src/stdafx.c; sourceTree = "<group>"; };
		70D5A2072D155EDD00E75387 /* channel.c */ = {isa = PBXFileReference; lastKnownFileType = sourcecode.c.c; path = channel.c; sourceTree = "<group>"; };
		70D5A2082D155EDD00E75387 /* fiber_cond.c */ = {isa = PBXFileReference; lastKnownFileType = sourcecode.c.c; path = fiber_cond.c; sourceTree = "<group>"; };
		70D5A2092D155EDD00E75387 /* fiber_event.c */ = {isa = PBXFileReference; lastKnownFileType = sourcecode.c.c; path = fiber_event.c; sourceTree = "<group>"; };
		70D5A20A2D155EDD00E75387 /* fiber_lock.c */ = {isa = PBXFileReference; lastKnownFileType = sourcecode.c.c; path = fiber_lock.c; sourceTree = "<group>"; };
		70D5A20B2D155EDD00E75387 /* fiber_mutex.c */ = {isa = PBXFileReference; lastKnownFileType = sourcecode.c.c; path = fiber_mutex.c; sourceTree = "<group>"; };
		70D5A20C2D155EDD00E75387 /* fiber_sem.c */ = {isa = PBXFileReference; lastKnownFileType = sourcecode.c.c; path = fiber_sem.c; sourceTree = "<group>"; };
		70D5A20D2D155EDD00E75387 /* sync_timer.h */ = {isa = PBXFileReference; lastKnownFileType = sourcecode.c.h; path = sync_timer.h; sourceTree = "<group>"; };
		70D5A20E2D155EDD00E75387 /* sync_timer.c */ = {isa = PBXFileReference; lastKnownFileType = sourcecode.c.c; path = sync_timer.c; sourceTree = "<group>"; };
		70D5A20F2D155EDD00E75387 /* sync_type.h */ = {isa = PBXFileReference; lastKnownFileType = sourcecode.c.h; path = sync_type.h; sourceTree = "<group>"; };
		70D5A2102D155EDD00E75387 /* sync_type.c */ = {isa = PBXFileReference; lastKnownFileType = sourcecode.c.c; path = sync_type.c; sourceTree = "<group>"; };
		70D5A2112D155EDD00E75387 /* sync_waiter.h */ = {isa = PBXFileReference; lastKnownFileType = sourcecode.c.h; path = sync_waiter.h; sourceTree = "<group>"; };
		70D5A2122D155EDD00E75387 /* sync_waiter.c */ = {isa = PBXFileReference; lastKnownFileType = sourcecode.c.c; path = sync_waiter.c; sourceTree = "<group>"; };
/* End PBXFileReference section */

/* Begin PBXFrameworksBuildPhase section */
		070F351D2090217900672EDC /* Frameworks */ = {
			isa = PBXFrameworksBuildPhase;
			buildActionMask = 2147483647;
			files = (
			);
			runOnlyForDeploymentPostprocessing = 0;
		};
/* End PBXFrameworksBuildPhase section */

/* Begin PBXGroup section */
		070F35172090217900672EDC = {
			isa = PBXGroup;
			children = (
				070F3528209021CB00672EDC /* src */,
				070F3527209021C000672EDC /* include */,
				070F35212090217900672EDC /* Products */,
			);
			sourceTree = "<group>";
		};
		070F35212090217900672EDC /* Products */ = {
			isa = PBXGroup;
			children = (
				070F35202090217900672EDC /* libfiber.a */,
			);
			name = Products;
			sourceTree = "<group>";
		};
		070F3527209021C000672EDC /* include */ = {
			isa = PBXGroup;
			children = (
				070F361820902FF300672EDC /* fiber */,
			);
			name = include;
			sourceTree = "<group>";
		};
		070F3528209021CB00672EDC /* src */ = {
			isa = PBXGroup;
			children = (
				70D5A1422D155EDD00E75387 /* common.h */,
				70D5A1732D155EDD00E75387 /* common */,
				70D5A1742D155EDD00E75387 /* define.h */,
				70D5A17D2D155EDD00E75387 /* dns */,
				70D5A17E2D155EDD00E75387 /* event.h */,
				70D5A18D2D155EDD00E75387 /* event */,
				70D5A18E2D155EDD00E75387 /* event.c */,
				70D5A18F2D155EDD00E75387 /* fbase_event.c */,
				70D5A1902D155EDD00E75387 /* fiber.h */,
				70D5A1F22D155EDD00E75387 /* fiber */,
				70D5A1F32D155EDD00E75387 /* fiber.c */,
				70D5A1F42D155EDD00E75387 /* fiber_io.c */,
				70D5A1F52D155EDD00E75387 /* file_event.c */,
				70D5A2042D155EDD00E75387 /* hook */,
				70D5A2052D155EDD00E75387 /* stdafx.h */,
				70D5A2062D155EDD00E75387 /* stdafx.c */,
				70D5A2132D155EDD00E75387 /* sync */,
			);
			name = src;
			sourceTree = "<group>";
		};
		070F361820902FF300672EDC /* fiber */ = {
			isa = PBXGroup;
			children = (
				7075394A251E0504005B6E56 /* fiber_base.h */,
				70753952251E0505005B6E56 /* fiber_channel.h */,
				7075394D251E0504005B6E56 /* fiber_cond.h */,
				7075394E251E0504005B6E56 /* fiber_define.h */,
				70753953251E0505005B6E56 /* fiber_event.h */,
				7075394C251E0504005B6E56 /* fiber_hook.h */,
				70753951251E0505005B6E56 /* fiber_lock.h */,
				7075394F251E0505005B6E56 /* fiber_sem.h */,
				70753950251E0505005B6E56 /* lib_fiber.h */,
				7075394B251E0504005B6E56 /* libfiber.h */,
			);
			name = fiber;
			sourceTree = "<group>";
		};
		70D5A1732D155EDD00E75387 /* common */ = {
			isa = PBXGroup;
			children = (
				70D5A1432D155EDD00E75387 /* argv.h */,
				70D5A1442D155EDD00E75387 /* argv.c */,
				70D5A1452D155EDD00E75387 /* array.h */,
				70D5A1462D155EDD00E75387 /* array.c */,
				70D5A1472D155EDD00E75387 /* atomic.h */,
				70D5A1482D155EDD00E75387 /* atomic.c */,
				70D5A1492D155EDD00E75387 /* avl.h */,
				70D5A14A2D155EDD00E75387 /* avl.c */,
				70D5A14B2D155EDD00E75387 /* avl_impl.h */,
				70D5A14C2D155EDD00E75387 /* close_on_exec.c */,
				70D5A14D2D155EDD00E75387 /* doze.c */,
				70D5A14E2D155EDD00E75387 /* fifo.h */,
				70D5A14F2D155EDD00E75387 /* fifo.c */,
				70D5A1502D155EDD00E75387 /* gettimeofday.h */,
				70D5A1512D155EDD00E75387 /* gettimeofday.c */,
				70D5A1522D155EDD00E75387 /* htable.h */,
				70D5A1532D155EDD00E75387 /* htable.c */,
				70D5A1542D155EDD00E75387 /* init.h */,
				70D5A1552D155EDD00E75387 /* init.c */,
				70D5A1562D155EDD00E75387 /* iostuff.h */,
				70D5A1572D155EDD00E75387 /* iterator.h */,
				70D5A1582D155EDD00E75387 /* mbox.h */,
				70D5A1592D155EDD00E75387 /* mbox.c */,
				70D5A15A2D155EDD00E75387 /* memory.h */,
				70D5A15B2D155EDD00E75387 /* memory.c */,
				70D5A15C2D155EDD00E75387 /* msg.h */,
				70D5A15D2D155EDD00E75387 /* msg.c */,
				70D5A15E2D155EDD00E75387 /* non_blocking.c */,
				70D5A15F2D155EDD00E75387 /* open_limit.c */,
				70D5A1602D155EDD00E75387 /* pthread_patch.h */,
				70D5A1612D155EDD00E75387 /* pthread_patch.c */,
				70D5A1622D155EDD00E75387 /* queue.h */,
				70D5A1632D155EDD00E75387 /* queue.c */,
				70D5A1642D155EDD00E75387 /* read_wait.c */,
				70D5A1652D155EDD00E75387 /* ring.h */,
				70D5A1662D155EDD00E75387 /* ring.c */,
				70D5A1672D155EDD00E75387 /* sane_socket.h */,
				70D5A1682D155EDD00E75387 /* sane_socket.c */,
				70D5A1692D155EDD00E75387 /* socketpair.c */,
				70D5A16A2D155EDD00E75387 /* strops.h */,
				70D5A16B2D155EDD00E75387 /* strops.c */,
				70D5A16C2D155EDD00E75387 /* tcp_nodelay.c */,
				70D5A16D2D155EDD00E75387 /* timer_cache.h */,
				70D5A16E2D155EDD00E75387 /* timer_cache.c */,
				70D5A16F2D155EDD00E75387 /* ypipe.h */,
				70D5A1702D155EDD00E75387 /* ypipe.c */,
				70D5A1712D155EDD00E75387 /* yqueue.h */,
				70D5A1722D155EDD00E75387 /* yqueue.c */,
			);
			name = common;
			path = c/src/common;
			sourceTree = "<group>";
		};
		70D5A17D2D155EDD00E75387 /* dns */ = {
			isa = PBXGroup;
			children = (
				70D5A1752D155EDD00E75387 /* resolver.h */,
				70D5A1762D155EDD00E75387 /* resolver.c */,
				70D5A1772D155EDD00E75387 /* rfc1035.h */,
				70D5A1782D155EDD00E75387 /* rfc1035.c */,
				70D5A1792D155EDD00E75387 /* sane_inet.h */,
				70D5A17A2D155EDD00E75387 /* sane_inet.c */,
				70D5A17B2D155EDD00E75387 /* valid_hostname.h */,
				70D5A17C2D155EDD00E75387 /* valid_hostname.c */,
			);
			name = dns;
			path = c/src/dns;
			sourceTree = "<group>";
		};
		70D5A18D2D155EDD00E75387 /* event */ = {
			isa = PBXGroup;
			children = (
				70D5A17F2D155EDD00E75387 /* event_epoll.h */,
				70D5A1802D155EDD00E75387 /* event_epoll.c */,
				70D5A1812D155EDD00E75387 /* event_io_uring.h */,
				70D5A1822D155EDD00E75387 /* event_io_uring.c */,
				70D5A1832D155EDD00E75387 /* event_iocp.h */,
				70D5A1842D155EDD00E75387 /* event_iocp.c */,
				70D5A1852D155EDD00E75387 /* event_kqueue.h */,
				70D5A1862D155EDD00E75387 /* event_kqueue.c */,
				70D5A1872D155EDD00E75387 /* event_poll.h */,
				70D5A1882D155EDD00E75387 /* event_poll.c */,
				70D5A1892D155EDD00E75387 /* event_select.h */,
				70D5A18A2D155EDD00E75387 /* event_select.c */,
				70D5A18B2D155EDD00E75387 /* event_wmsg.h */,
				70D5A18C2D155EDD00E75387 /* event_wmsg.c */,
			);
			name = event;
			path = c/src/event;
			sourceTree = "<group>";
		};
		70D5A1E12D155EDD00E75387 /* boost */ = {
			isa = PBXGroup;
			children = (
				70D5A1972D155EDD00E75387 /* jump_gas.S */,
				70D5A1B22D155EDD00E75387 /* make_gas.S */,
			);
			path = boost;
			sourceTree = "<group>";
		};
		70D5A1F22D155EDD00E75387 /* fiber */ = {
			isa = PBXGroup;
			children = (
				70D5A1E12D155EDD00E75387 /* boost */,
				70D5A1ED2D155EDD00E75387 /* boost_jmp.h */,
				70D5A1EE2D155EDD00E75387 /* exp_jmp.h */,
				70D5A1EF2D155EDD00E75387 /* fiber_unix.c */,
				70D5A1F02D155EDD00E75387 /* fiber_win.c */,
				70D5A1F12D155EDD00E75387 /* x86_jmp.h */,
			);
			name = fiber;
			path = c/src/fiber;
			sourceTree = "<group>";
		};
		70D5A2042D155EDD00E75387 /* hook */ = {
			isa = PBXGroup;
			children = (
				70D5A1F62D155EDD00E75387 /* epoll.c */,
				70D5A1F72D155EDD00E75387 /* fcntl.c */,
				70D5A1F82D155EDD00E75387 /* fiber_read.c */,
				70D5A1F92D155EDD00E75387 /* fiber_write.c */,
				70D5A1FA2D155EDD00E75387 /* file.c */,
				70D5A1FB2D155EDD00E75387 /* getaddrinfo.c */,
				70D5A1FC2D155EDD00E75387 /* gethostbyname.c */,
				70D5A1FD2D155EDD00E75387 /* hook.h */,
				70D5A1FE2D155EDD00E75387 /* hook.c */,
				70D5A1FF2D155EDD00E75387 /* io.h */,
				70D5A2002D155EDD00E75387 /* io.c */,
				70D5A2012D155EDD00E75387 /* poll.c */,
				70D5A2022D155EDD00E75387 /* select.c */,
				70D5A2032D155EDD00E75387 /* socket.c */,
			);
			name = hook;
			path = c/src/hook;
			sourceTree = "<group>";
		};
		70D5A2132D155EDD00E75387 /* sync */ = {
			isa = PBXGroup;
			children = (
				70D5A2072D155EDD00E75387 /* channel.c */,
				70D5A2082D155EDD00E75387 /* fiber_cond.c */,
				70D5A2092D155EDD00E75387 /* fiber_event.c */,
				70D5A20A2D155EDD00E75387 /* fiber_lock.c */,
				70D5A20B2D155EDD00E75387 /* fiber_mutex.c */,
				70D5A20C2D155EDD00E75387 /* fiber_sem.c */,
				70D5A20D2D155EDD00E75387 /* sync_timer.h */,
				70D5A20E2D155EDD00E75387 /* sync_timer.c */,
				70D5A20F2D155EDD00E75387 /* sync_type.h */,
				70D5A2102D155EDD00E75387 /* sync_type.c */,
				70D5A2112D155EDD00E75387 /* sync_waiter.h */,
				70D5A2122D155EDD00E75387 /* sync_waiter.c */,
			);
			name = sync;
			path = c/src/sync;
			sourceTree = "<group>";
		};
/* End PBXGroup section */

/* Begin PBXHeadersBuildPhase section */
		070F351E2090217900672EDC /* Headers */ = {
			isa = PBXHeadersBuildPhase;
			buildActionMask = 2147483647;
			files = (
				70753959251E0505005B6E56 /* fiber_sem.h in Headers */,
				70753954251E0505005B6E56 /* fiber_base.h in Headers */,
				70D5A2B02D155EDD00E75387 /* memory.h in Headers */,
				70D5A2B12D155EDD00E75387 /* ring.h in Headers */,
				70D5A2B22D155EDD00E75387 /* mbox.h in Headers */,
				70D5A2B32D155EDD00E75387 /* fifo.h in Headers */,
				70D5A2B42D155EDD00E75387 /* argv.h in Headers */,
				70D5A2B52D155EDD00E75387 /* valid_hostname.h in Headers */,
				70D5A2B62D155EDD00E75387 /* init.h in Headers */,
				70D5A2B72D155EDD00E75387 /* sync_timer.h in Headers */,
				70D5A2B82D155EDD00E75387 /* fiber.h in Headers */,
				70D5A2B92D155EDD00E75387 /* pthread_patch.h in Headers */,
				70D5A2BA2D155EDD00E75387 /* x86_jmp.h in Headers */,
				70D5A2BB2D155EDD00E75387 /* event_kqueue.h in Headers */,
				70D5A2BC2D155EDD00E75387 /* ypipe.h in Headers */,
				70D5A2BD2D155EDD00E75387 /* array.h in Headers */,
				70D5A2BE2D155EDD00E75387 /* iostuff.h in Headers */,
				70D5A2BF2D155EDD00E75387 /* common.h in Headers */,
				70D5A2C02D155EDD00E75387 /* htable.h in Headers */,
				70D5A2C12D155EDD00E75387 /* sane_inet.h in Headers */,
				70D5A2C22D155EDD00E75387 /* msg.h in Headers */,
				70D5A2C32D155EDD00E75387 /* sane_socket.h in Headers */,
				70D5A2C42D155EDD00E75387 /* yqueue.h in Headers */,
				70D5A2C52D155EDD00E75387 /* event_poll.h in Headers */,
				70D5A2C62D155EDD00E75387 /* stdafx.h in Headers */,
				70D5A2C72D155EDD00E75387 /* strops.h in Headers */,
				70D5A2C82D155EDD00E75387 /* event.h in Headers */,
				70D5A2C92D155EDD00E75387 /* boost_jmp.h in Headers */,
				70D5A2CA2D155EDD00E75387 /* event_wmsg.h in Headers */,
				70D5A2CB2D155EDD00E75387 /* atomic.h in Headers */,
				70D5A2CC2D155EDD00E75387 /* define.h in Headers */,
				70D5A2CD2D155EDD00E75387 /* timer_cache.h in Headers */,
				70D5A2CE2D155EDD00E75387 /* hook.h in Headers */,
				70D5A2CF2D155EDD00E75387 /* event_io_uring.h in Headers */,
				70D5A2D02D155EDD00E75387 /* iterator.h in Headers */,
				70D5A2D12D155EDD00E75387 /* exp_jmp.h in Headers */,
				70D5A2D22D155EDD00E75387 /* event_epoll.h in Headers */,
				70D5A2D32D155EDD00E75387 /* gettimeofday.h in Headers */,
				70D5A2D42D155EDD00E75387 /* avl.h in Headers */,
				70D5A2D52D155EDD00E75387 /* queue.h in Headers */,
				70D5A2D62D155EDD00E75387 /* avl_impl.h in Headers */,
				70D5A2D72D155EDD00E75387 /* sync_type.h in Headers */,
				70D5A2D82D155EDD00E75387 /* io.h in Headers */,
				70D5A2D92D155EDD00E75387 /* event_select.h in Headers */,
				70D5A2DA2D155EDD00E75387 /* resolver.h in Headers */,
				70D5A2DB2D155EDD00E75387 /* event_iocp.h in Headers */,
				70D5A2DC2D155EDD00E75387 /* sync_waiter.h in Headers */,
				70D5A2DD2D155EDD00E75387 /* rfc1035.h in Headers */,
				7075395C251E0505005B6E56 /* fiber_channel.h in Headers */,
				70753957251E0505005B6E56 /* fiber_cond.h in Headers */,
				7075395B251E0505005B6E56 /* fiber_lock.h in Headers */,
				70753955251E0505005B6E56 /* libfiber.h in Headers */,
				7075395D251E0505005B6E56 /* fiber_event.h in Headers */,
				70753958251E0505005B6E56 /* fiber_define.h in Headers */,
				7075395A251E0505005B6E56 /* lib_fiber.h in Headers */,
				70753956251E0505005B6E56 /* fiber_hook.h in Headers */,
			);
			runOnlyForDeploymentPostprocessing = 0;
		};
/* End PBXHeadersBuildPhase section */

/* Begin PBXNativeTarget section */
		070F351F2090217900672EDC /* fiber */ = {
			isa = PBXNativeTarget;
			buildConfigurationList = 070F35242090217900672EDC /* Build configuration list for PBXNativeTarget "fiber" */;
			buildPhases = (
				070F351C2090217900672EDC /* Sources */,
				070F351D2090217900672EDC /* Frameworks */,
				070F351E2090217900672EDC /* Headers */,
			);
			buildRules = (
			);
			dependencies = (
			);
			name = fiber;
			productName = fiber;
			productReference = 070F35202090217900672EDC /* libfiber.a */;
			productType = "com.apple.product-type.library.static";
		};
/* End PBXNativeTarget section */

/* Begin PBXProject section */
		070F35182090217900672EDC /* Project object */ = {
			isa = PBXProject;
			attributes = {
				LastUpgradeCheck = 1030;
				ORGANIZATIONNAME = zsx;
				TargetAttributes = {
					070F351F2090217900672EDC = {
						CreatedOnToolsVersion = 6.1.1;
					};
				};
			};
			buildConfigurationList = 070F351B2090217900672EDC /* Build configuration list for PBXProject "fiber" */;
			compatibilityVersion = "Xcode 3.2";
			developmentRegion = en;
			hasScannedForEncodings = 0;
			knownRegions = (
				en,
				Base,
			);
			mainGroup = 070F35172090217900672EDC;
			productRefGroup = 070F35212090217900672EDC /* Products */;
			projectDirPath = "";
			projectRoot = "";
			targets = (
				070F351F2090217900672EDC /* fiber */,
			);
		};
/* End PBXProject section */

/* Begin PBXSourcesBuildPhase section */
		070F351C2090217900672EDC /* Sources */ = {
			isa = PBXSourcesBuildPhase;
			buildActionMask = 2147483647;
			files = (
				70D5A2142D155EDD00E75387 /* event_epoll.c in Sources */,
				70D5A2182D155EDD00E75387 /* argv.c in Sources */,
				70D5A2192D155EDD00E75387 /* jump_gas.S in Sources */,
				70D5A21B2D155EDD00E75387 /* pthread_patch.c in Sources */,
				70D5A21C2D155EDD00E75387 /* yqueue.c in Sources */,
				70D5A21D2D155EDD00E75387 /* gethostbyname.c in Sources */,
				70D5A21F2D155EDD00E75387 /* event.c in Sources */,
				70D5A2212D155EDD00E75387 /* strops.c in Sources */,
				70D5A2222D155EDD00E75387 /* socket.c in Sources */,
				70D5A2252D155EDD00E75387 /* sync_waiter.c in Sources */,
				70D5A2262D155EDD00E75387 /* fiber_read.c in Sources */,
				70D5A2272D155EDD00E75387 /* rfc1035.c in Sources */,
				70D5A2292D155EDD00E75387 /* avl.c in Sources */,
				70D5A22B2D155EDD00E75387 /* fcntl.c in Sources */,
				70D5A22E2D155EDD00E75387 /* fiber_write.c in Sources */,
				70D5A2332D155EDD00E75387 /* hook.c in Sources */,
				70D5A2352D155EDD00E75387 /* sane_inet.c in Sources */,
				70D5A2372D155EDD00E75387 /* sync_type.c in Sources */,
				70D5A2382D155EDD00E75387 /* resolver.c in Sources */,
				70D5A2392D155EDD00E75387 /* stdafx.c in Sources */,
				70D5A23F2D155EDD00E75387 /* event_poll.c in Sources */,
				70D5A2412D155EDD00E75387 /* atomic.c in Sources */,
				70D5A2432D155EDD00E75387 /* event_kqueue.c in Sources */,
				70D5A2462D155EDD00E75387 /* io.c in Sources */,
				70D5A2482D155EDD00E75387 /* fiber.c in Sources */,
				70D5A2492D155EDD00E75387 /* event_iocp.c in Sources */,
				70D5A24B2D155EDD00E75387 /* doze.c in Sources */,
				70D5A24F2D155EDD00E75387 /* poll.c in Sources */,
				70D5A2552D155EDD00E75387 /* ypipe.c in Sources */,
				70D5A2592D155EDD00E75387 /* fiber_sem.c in Sources */,
				70D5A25D2D155EDD00E75387 /* ring.c in Sources */,
				70D5A25E2D155EDD00E75387 /* socketpair.c in Sources */,
				70D5A25F2D155EDD00E75387 /* getaddrinfo.c in Sources */,
				70D5A2602D155EDD00E75387 /* fiber_io.c in Sources */,
				70D5A2612D155EDD00E75387 /* fiber_event.c in Sources */,
				70D5A2622D155EDD00E75387 /* file_event.c in Sources */,
				70D5A2632D155EDD00E75387 /* select.c in Sources */,
				70D5A2642D155EDD00E75387 /* event_io_uring.c in Sources */,
				70D5A2672D155EDD00E75387 /* gettimeofday.c in Sources */,
				70D5A2682D155EDD00E75387 /* htable.c in Sources */,
				70D5A2692D155EDD00E75387 /* queue.c in Sources */,
				70D5A26C2D155EDD00E75387 /* fifo.c in Sources */,
				70D5A26E2D155EDD00E75387 /* init.c in Sources */,
				70D5A2722D155EDD00E75387 /* mbox.c in Sources */,
				70D5A2742D155EDD00E75387 /* fiber_lock.c in Sources */,
				70D5A2752D155EDD00E75387 /* open_limit.c in Sources */,
				70D5A2772D155EDD00E75387 /* channel.c in Sources */,
				70D5A2782D155EDD00E75387 /* event_wmsg.c in Sources */,
				70D5A2792D155EDD00E75387 /* close_on_exec.c in Sources */,
				70D5A27B2D155EDD00E75387 /* tcp_nodelay.c in Sources */,
				70D5A27D2D155EDD00E75387 /* fiber_mutex.c in Sources */,
				70D5A27E2D155EDD00E75387 /* memory.c in Sources */,
				70D5A2812D155EDD00E75387 /* read_wait.c in Sources */,
				70D5A2822D155EDD00E75387 /* make_gas.S in Sources */,
				70D5A2832D155EDD00E75387 /* non_blocking.c in Sources */,
				70D5A2862D155EDD00E75387 /* timer_cache.c in Sources */,
				70D5A2872D155EDD00E75387 /* epoll.c in Sources */,
				70D5A28B2D155EDD00E75387 /* file.c in Sources */,
				70D5A28F2D155EDD00E75387 /* event_select.c in Sources */,
				70D5A2912D155EDD00E75387 /* fiber_unix.c in Sources */,
				70D5A2952D155EDD00E75387 /* valid_hostname.c in Sources */,
				70D5A29B2D155EDD00E75387 /* sync_timer.c in Sources */,
				70D5A29C2D155EDD00E75387 /* array.c in Sources */,
				70D5A29D2D155EDD00E75387 /* fiber_win.c in Sources */,
				70D5A29E2D155EDD00E75387 /* msg.c in Sources */,
				70D5A2A32D155EDD00E75387 /* fiber_cond.c in Sources */,
				70D5A2A52D155EDD00E75387 /* fbase_event.c in Sources */,
				70D5A2AE2D155EDD00E75387 /* sane_socket.c in Sources */,
			);
			runOnlyForDeploymentPostprocessing = 0;
		};
/* End PBXSourcesBuildPhase section */

/* Begin XCBuildConfiguration section */
		070F35222090217900672EDC /* Debug */ = {
			isa = XCBuildConfiguration;
			buildSettings = {
				ALWAYS_SEARCH_USER_PATHS = NO;
				CLANG_ANALYZER_LOCALIZABILITY_NONLOCALIZED = YES;
				CLANG_CXX_LANGUAGE_STANDARD = "gnu++0x";
				CLANG_CXX_LIBRARY = "libc++";
				CLANG_ENABLE_MODULES = YES;
				CLANG_ENABLE_OBJC_ARC = YES;
				CLANG_WARN_BLOCK_CAPTURE_AUTORELEASING = YES;
				CLANG_WARN_BOOL_CONVERSION = YES;
				CLANG_WARN_COMMA = YES;
				CLANG_WARN_CONSTANT_CONVERSION = YES;
				CLANG_WARN_DEPRECATED_OBJC_IMPLEMENTATIONS = YES;
				CLANG_WARN_DIRECT_OBJC_ISA_USAGE = YES_ERROR;
				CLANG_WARN_EMPTY_BODY = YES;
				CLANG_WARN_ENUM_CONVERSION = YES;
				CLANG_WARN_INFINITE_RECURSION = YES;
				CLANG_WARN_INT_CONVERSION = YES;
				CLANG_WARN_NON_LITERAL_NULL_CONVERSION = YES;
				CLANG_WARN_OBJC_IMPLICIT_RETAIN_SELF = YES;
				CLANG_WARN_OBJC_LITERAL_CONVERSION = YES;
				CLANG_WARN_OBJC_ROOT_CLASS = YES_ERROR;
				CLANG_WARN_RANGE_LOOP_ANALYSIS = YES;
				CLANG_WARN_STRICT_PROTOTYPES = YES;
				CLANG_WARN_SUSPICIOUS_MOVE = YES;
				CLANG_WARN_UNREACHABLE_CODE = YES;
				CLANG_WARN__DUPLICATE_METHOD_MATCH = YES;
				COPY_PHASE_STRIP = NO;
				ENABLE_STRICT_OBJC_MSGSEND = YES;
				ENABLE_TESTABILITY = YES;
				GCC_C_LANGUAGE_STANDARD = gnu99;
				GCC_DYNAMIC_NO_PIC = NO;
				GCC_NO_COMMON_BLOCKS = YES;
				GCC_OPTIMIZATION_LEVEL = 0;
				GCC_PREPROCESSOR_DEFINITIONS = (
					"DEBUG=1",
					USE_BOOST_JMP,
					"$(inherited)",
				);
				GCC_SYMBOLS_PRIVATE_EXTERN = NO;
				GCC_WARN_64_TO_32_BIT_CONVERSION = YES;
				GCC_WARN_ABOUT_RETURN_TYPE = YES_ERROR;
				GCC_WARN_UNDECLARED_SELECTOR = YES;
				GCC_WARN_UNINITIALIZED_AUTOS = YES_AGGRESSIVE;
				GCC_WARN_UNUSED_FUNCTION = YES;
				GCC_WARN_UNUSED_VARIABLE = YES;
				HEADER_SEARCH_PATHS = (
					c/include,
					c/src,
				);
				MACOSX_DEPLOYMENT_TARGET = 10.10;
				MTL_ENABLE_DEBUG_INFO = YES;
				ONLY_ACTIVE_ARCH = YES;
				SDKROOT = macosx;
				VALID_ARCHS = "arm64 arm64e armv7 armv7s i386 x86_64";
			};
			name = Debug;
		};
		070F35232090217900672EDC /* Release */ = {
			isa = XCBuildConfiguration;
			buildSettings = {
				ALWAYS_SEARCH_USER_PATHS = NO;
				CLANG_ANALYZER_LOCALIZABILITY_NONLOCALIZED = YES;
				CLANG_CXX_LANGUAGE_STANDARD = "gnu++0x";
				CLANG_CXX_LIBRARY = "libc++";
				CLANG_ENABLE_MODULES = YES;
				CLANG_ENABLE_OBJC_ARC = YES;
				CLANG_WARN_BLOCK_CAPTURE_AUTORELEASING = YES;
				CLANG_WARN_BOOL_CONVERSION = YES;
				CLANG_WARN_COMMA = YES;
				CLANG_WARN_CONSTANT_CONVERSION = YES;
				CLANG_WARN_DEPRECATED_OBJC_IMPLEMENTATIONS = YES;
				CLANG_WARN_DIRECT_OBJC_ISA_USAGE = YES_ERROR;
				CLANG_WARN_EMPTY_BODY = YES;
				CLANG_WARN_ENUM_CONVERSION = YES;
				CLANG_WARN_INFINITE_RECURSION = YES;
				CLANG_WARN_INT_CONVERSION = YES;
				CLANG_WARN_NON_LITERAL_NULL_CONVERSION = YES;
				CLANG_WARN_OBJC_IMPLICIT_RETAIN_SELF = YES;
				CLANG_WARN_OBJC_LITERAL_CONVERSION = YES;
				CLANG_WARN_OBJC_ROOT_CLASS = YES_ERROR;
				CLANG_WARN_RANGE_LOOP_ANALYSIS = YES;
				CLANG_WARN_STRICT_PROTOTYPES = YES;
				CLANG_WARN_SUSPICIOUS_MOVE = YES;
				CLANG_WARN_UNREACHABLE_CODE = YES;
				CLANG_WARN__DUPLICATE_METHOD_MATCH = YES;
				COPY_PHASE_STRIP = YES;
				DEBUG_INFORMATION_FORMAT = "dwarf-with-dsym";
				ENABLE_NS_ASSERTIONS = NO;
				ENABLE_STRICT_OBJC_MSGSEND = YES;
				GCC_C_LANGUAGE_STANDARD = gnu99;
				GCC_NO_COMMON_BLOCKS = YES;
				GCC_PREPROCESSOR_DEFINITIONS = USE_BOOST_JMP;
				GCC_WARN_64_TO_32_BIT_CONVERSION = YES;
				GCC_WARN_ABOUT_RETURN_TYPE = YES_ERROR;
				GCC_WARN_UNDECLARED_SELECTOR = YES;
				GCC_WARN_UNINITIALIZED_AUTOS = YES_AGGRESSIVE;
				GCC_WARN_UNUSED_FUNCTION = YES;
				GCC_WARN_UNUSED_VARIABLE = YES;
				HEADER_SEARCH_PATHS = (
					c/include,
					c/src,
				);
				MACOSX_DEPLOYMENT_TARGET = 10.10;
				MTL_ENABLE_DEBUG_INFO = NO;
				SDKROOT = macosx;
				VALID_ARCHS = "arm64 arm64e armv7 armv7s i386 x86_64";
			};
			name = Release;
		};
		070F35252090217900672EDC /* Debug */ = {
			isa = XCBuildConfiguration;
			buildSettings = {
				ALWAYS_SEARCH_USER_PATHS = NO;
				EXECUTABLE_PREFIX = lib;
				GCC_PREPROCESSOR_DEFINITIONS = (
					"DEBUG=1",
					"$(inherited)",
				);
				HEADER_SEARCH_PATHS = "$(inherited)";
				IPHONEOS_DEPLOYMENT_TARGET = 8.0;
				LIBRARY_SEARCH_PATHS = "";
				OTHER_CFLAGS = "-Wno-deprecated-declarations";
				PRODUCT_NAME = "$(TARGET_NAME)";
				SDKROOT = iphoneos;
				VALID_ARCHS = "$(inherited)";
			};
			name = Debug;
		};
		070F35262090217900672EDC /* Release */ = {
			isa = XCBuildConfiguration;
			buildSettings = {
				ALWAYS_SEARCH_USER_PATHS = NO;
				EXECUTABLE_PREFIX = lib;
				GCC_PREPROCESSOR_DEFINITIONS = "$(inherited)";
				HEADER_SEARCH_PATHS = "$(inherited)";
				IPHONEOS_DEPLOYMENT_TARGET = 8.0;
				LIBRARY_SEARCH_PATHS = "";
				OTHER_CFLAGS = "-Wno-deprecated-declarations";
				PRODUCT_NAME = "$(TARGET_NAME)";
				SDKROOT = iphoneos;
				VALID_ARCHS = "$(inherited)";
			};
			name = Release;
		};
/* End XCBuildConfiguration section */

/* Begin XCConfigurationList section */
		070F351B2090217900672EDC /* Build configuration list for PBXProject "fiber" */ = {
			isa = XCConfigurationList;
			buildConfigurations = (
				070F35222090217900672EDC /* Debug */,
				070F35232090217900672EDC /* Release */,
			);
			defaultConfigurationIsVisible = 0;
			defaultConfigurationName = Release;
		};
		070F35242090217900672EDC /* Build configuration list for PBXNativeTarget "fiber" */ = {
			isa = XCConfigurationList;
			buildConfigurations = (
				070F35252090217900672EDC /* Debug */,
				070F35262090217900672EDC /* Release */,
			);
			defaultConfigurationIsVisible = 0;
			defaultConfigurationName = Release;
		};
/* End XCConfigurationList section */
	};
	rootObject = 070F35182090217900672EDC /* Project object */;
}
